// !$*UTF8*$!
{
	archiveVersion = 1;
	classes = {
	};
	objectVersion = 46;
	objects = {

/* Begin PBXBuildFile section */
		9E2BB2C51815EB3300CA52E9 /* Foundation.framework in Frameworks */ = {isa = PBXBuildFile; fileRef = 9E2BB2C41815EB3300CA52E9 /* Foundation.framework */; };
		9E2BB2C71815EB3300CA52E9 /* CoreGraphics.framework in Frameworks */ = {isa = PBXBuildFile; fileRef = 9E2BB2C61815EB3300CA52E9 /* CoreGraphics.framework */; };
		9E2BB2C91815EB3300CA52E9 /* UIKit.framework in Frameworks */ = {isa = PBXBuildFile; fileRef = 9E2BB2C81815EB3300CA52E9 /* UIKit.framework */; };
		9E2BB2CF1815EB3300CA52E9 /* InfoPlist.strings in Resources */ = {isa = PBXBuildFile; fileRef = 9E2BB2CD1815EB3300CA52E9 /* InfoPlist.strings */; };
		9E2BB2D11815EB3300CA52E9 /* main.m in Sources */ = {isa = PBXBuildFile; fileRef = 9E2BB2D01815EB3300CA52E9 /* main.m */; };
		9E2BB2D51815EB3300CA52E9 /* AppDelegate.m in Sources */ = {isa = PBXBuildFile; fileRef = 9E2BB2D41815EB3300CA52E9 /* AppDelegate.m */; };
		9E2BB2DB1815EB3300CA52E9 /* ProfileViewController.m in Sources */ = {isa = PBXBuildFile; fileRef = 9E2BB2DA1815EB3300CA52E9 /* ProfileViewController.m */; };
		9E2BB2DD1815EB3300CA52E9 /* Images.xcassets in Resources */ = {isa = PBXBuildFile; fileRef = 9E2BB2DC1815EB3300CA52E9 /* Images.xcassets */; };
		9E2BB2E41815EB3400CA52E9 /* XCTest.framework in Frameworks */ = {isa = PBXBuildFile; fileRef = 9E2BB2E31815EB3400CA52E9 /* XCTest.framework */; };
		9E2BB2E51815EB3400CA52E9 /* Foundation.framework in Frameworks */ = {isa = PBXBuildFile; fileRef = 9E2BB2C41815EB3300CA52E9 /* Foundation.framework */; };
		9E2BB2E61815EB3400CA52E9 /* UIKit.framework in Frameworks */ = {isa = PBXBuildFile; fileRef = 9E2BB2C81815EB3300CA52E9 /* UIKit.framework */; };
		9E2BB2EE1815EB3400CA52E9 /* InfoPlist.strings in Resources */ = {isa = PBXBuildFile; fileRef = 9E2BB2EC1815EB3400CA52E9 /* InfoPlist.strings */; };
		9E2BB2F01815EB3400CA52E9 /* Relationship_CapitalTests.m in Sources */ = {isa = PBXBuildFile; fileRef = 9E2BB2EF1815EB3400CA52E9 /* Relationship_CapitalTests.m */; };
		9E2BB2FA1815EB9E00CA52E9 /* ProfileViewController.xib in Resources */ = {isa = PBXBuildFile; fileRef = 9E2BB2F91815EB9E00CA52E9 /* ProfileViewController.xib */; };
		9E2BB2FE1815EC4700CA52E9 /* LoginViewController.m in Sources */ = {isa = PBXBuildFile; fileRef = 9E2BB2FC1815EC4700CA52E9 /* LoginViewController.m */; };
		9E2BB2FF1815EC4700CA52E9 /* LoginViewController.xib in Resources */ = {isa = PBXBuildFile; fileRef = 9E2BB2FD1815EC4700CA52E9 /* LoginViewController.xib */; };
		9E2BB3011815EEF200CA52E9 /* Facebook-Blank-Photo.jpg in Resources */ = {isa = PBXBuildFile; fileRef = 9E2BB3001815EEF200CA52E9 /* Facebook-Blank-Photo.jpg */; };
		9E2BB3051815EF7100CA52E9 /* CommitmentsViewController.m in Sources */ = {isa = PBXBuildFile; fileRef = 9E2BB3031815EF7100CA52E9 /* CommitmentsViewController.m */; };
		9E2BB3061815EF7100CA52E9 /* CommitmentsViewController.xib in Resources */ = {isa = PBXBuildFile; fileRef = 9E2BB3041815EF7100CA52E9 /* CommitmentsViewController.xib */; };
		9E447136183F0273000E1F8C /* plus.png in Resources */ = {isa = PBXBuildFile; fileRef = 9E447134183F0273000E1F8C /* plus.png */; };
		9E447137183F0273000E1F8C /* plus@2x.png in Resources */ = {isa = PBXBuildFile; fileRef = 9E447135183F0273000E1F8C /* plus@2x.png */; };
		9E44713B183F09DA000E1F8C /* AddCommitmentViewController.m in Sources */ = {isa = PBXBuildFile; fileRef = 9E447139183F09DA000E1F8C /* AddCommitmentViewController.m */; };
		9E44713C183F09DA000E1F8C /* AddCommitmentViewController.xib in Resources */ = {isa = PBXBuildFile; fileRef = 9E44713A183F09DA000E1F8C /* AddCommitmentViewController.xib */; };
		9E447141183F35C8000E1F8C /* Request.m in Sources */ = {isa = PBXBuildFile; fileRef = 9E447140183F35C8000E1F8C /* Request.m */; };
		9E447148184142D1000E1F8C /* UserPickerViewController.m in Sources */ = {isa = PBXBuildFile; fileRef = 9E447146184142D1000E1F8C /* UserPickerViewController.m */; };
		9E447149184142D1000E1F8C /* UserPickerViewController.xib in Resources */ = {isa = PBXBuildFile; fileRef = 9E447147184142D1000E1F8C /* UserPickerViewController.xib */; };
		9E44714D1841444B000E1F8C /* UserCell.m in Sources */ = {isa = PBXBuildFile; fileRef = 9E44714B1841444B000E1F8C /* UserCell.m */; };
		9E44714E1841444B000E1F8C /* UserCell.xib in Resources */ = {isa = PBXBuildFile; fileRef = 9E44714C1841444B000E1F8C /* UserCell.xib */; };
		9E4471541841628E000E1F8C /* STTimeSlider.m in Sources */ = {isa = PBXBuildFile; fileRef = 9E4471511841628E000E1F8C /* STTimeSlider.m */; };
		9E4471551841628E000E1F8C /* STTimeSliderMoveView.m in Sources */ = {isa = PBXBuildFile; fileRef = 9E4471531841628E000E1F8C /* STTimeSliderMoveView.m */; };
		9E44715818419BDD000E1F8C /* CommitmentCell.m in Sources */ = {isa = PBXBuildFile; fileRef = 9E44715718419BDD000E1F8C /* CommitmentCell.m */; };
		9E44715A18419BEB000E1F8C /* CommitmentCell.xib in Resources */ = {isa = PBXBuildFile; fileRef = 9E44715918419BEB000E1F8C /* CommitmentCell.xib */; };
		9E44715D1841C4AB000E1F8C /* Comment.m in Sources */ = {isa = PBXBuildFile; fileRef = 9E44715C1841C4AB000E1F8C /* Comment.m */; };
		9E4471631841ECE5000E1F8C /* SVOrientationNavController.m in Sources */ = {isa = PBXBuildFile; fileRef = 9E4471621841ECE5000E1F8C /* SVOrientationNavController.m */; };
		9EE6F4CF183ECFB00096D249 /* NSString+Extensions.m in Sources */ = {isa = PBXBuildFile; fileRef = 9EE6F4CE183ECFB00096D249 /* NSString+Extensions.m */; };
		9EE6F4D2183ED2360096D249 /* Friend.m in Sources */ = {isa = PBXBuildFile; fileRef = 9EE6F4D1183ED2360096D249 /* Friend.m */; };
		9EE6F4D5183EDAE40096D249 /* FriendsTableViewCell.m in Sources */ = {isa = PBXBuildFile; fileRef = 9EE6F4D4183EDAE40096D249 /* FriendsTableViewCell.m */; };
		9EE6F4D7183EDB080096D249 /* FriendsTableViewCell.xib in Resources */ = {isa = PBXBuildFile; fileRef = 9EE6F4D6183EDB080096D249 /* FriendsTableViewCell.xib */; };
		9EE6F4DA183EE88D0096D249 /* Commitment.m in Sources */ = {isa = PBXBuildFile; fileRef = 9EE6F4D9183EE88D0096D249 /* Commitment.m */; };
		9EEE6FBB1827549900065E6A /* CapitalEngine.m in Sources */ = {isa = PBXBuildFile; fileRef = 9EEE6FBA1827549900065E6A /* CapitalEngine.m */; };
		9EEE6FBF18275BD300065E6A /* User.m in Sources */ = {isa = PBXBuildFile; fileRef = 9EEE6FBE18275BD300065E6A /* User.m */; };
		9EEE6FC2182766F800065E6A /* AvatarView.m in Sources */ = {isa = PBXBuildFile; fileRef = 9EEE6FC1182766F800065E6A /* AvatarView.m */; };
		9EEE6FC71827671700065E6A /* UIButton+AFNetworking.m in Sources */ = {isa = PBXBuildFile; fileRef = 9EEE6FC61827671700065E6A /* UIButton+AFNetworking.m */; };
		9EEE6FCA1827672600065E6A /* UIImage+Extensions.m in Sources */ = {isa = PBXBuildFile; fileRef = 9EEE6FC91827672600065E6A /* UIImage+Extensions.m */; };
		9EEE6FCF182831C400065E6A /* SignupViewController.m in Sources */ = {isa = PBXBuildFile; fileRef = 9EEE6FCD182831C400065E6A /* SignupViewController.m */; };
		9EEE6FD0182831C400065E6A /* SignupViewController.xib in Resources */ = {isa = PBXBuildFile; fileRef = 9EEE6FCE182831C400065E6A /* SignupViewController.xib */; };
		9EEE6FD5182847A500065E6A /* CommitmentDetailViewController.m in Sources */ = {isa = PBXBuildFile; fileRef = 9EEE6FD3182847A500065E6A /* CommitmentDetailViewController.m */; };
		9EEE6FD6182847A500065E6A /* CommitmentDetailViewController.xib in Resources */ = {isa = PBXBuildFile; fileRef = 9EEE6FD4182847A500065E6A /* CommitmentDetailViewController.xib */; };
		9EEE6FD818284C3B00065E6A /* fb.jpg in Resources */ = {isa = PBXBuildFile; fileRef = 9EEE6FD718284C3B00065E6A /* fb.jpg */; };
		9EEE6FDB18284E0100065E6A /* user.png in Resources */ = {isa = PBXBuildFile; fileRef = 9EEE6FD918284E0100065E6A /* user.png */; };
		9EEE6FDC18284E0100065E6A /* user@2x.png in Resources */ = {isa = PBXBuildFile; fileRef = 9EEE6FDA18284E0100065E6A /* user@2x.png */; };
		9EEE6FDF18284E3700065E6A /* doc.png in Resources */ = {isa = PBXBuildFile; fileRef = 9EEE6FDD18284E3700065E6A /* doc.png */; };
		9EEE6FE018284E3700065E6A /* doc@2x.png in Resources */ = {isa = PBXBuildFile; fileRef = 9EEE6FDE18284E3700065E6A /* doc@2x.png */; };
		C663AD152A054D3A93B1D365 /* libPods.a in Frameworks */ = {isa = PBXBuildFile; fileRef = 979A02E34BFB4D4F8796CDCA /* libPods.a */; };
/* End PBXBuildFile section */

/* Begin PBXContainerItemProxy section */
		9E2BB2E71815EB3400CA52E9 /* PBXContainerItemProxy */ = {
			isa = PBXContainerItemProxy;
			containerPortal = 9E2BB2B91815EB3300CA52E9 /* Project object */;
			proxyType = 1;
			remoteGlobalIDString = 9E2BB2C01815EB3300CA52E9;
			remoteInfo = "Relationship Capital";
		};
/* End PBXContainerItemProxy section */

/* Begin PBXFileReference section */
		7735E7F035EB44E39A1EDC8B /* Pods.xcconfig */ = {isa = PBXFileReference; includeInIndex = 1; lastKnownFileType = text.xcconfig; name = Pods.xcconfig; path = Pods/Pods.xcconfig; sourceTree = "<group>"; };
		979A02E34BFB4D4F8796CDCA /* libPods.a */ = {isa = PBXFileReference; explicitFileType = archive.ar; includeInIndex = 0; path = libPods.a; sourceTree = BUILT_PRODUCTS_DIR; };
		9E2BB2C11815EB3300CA52E9 /* Relationship Capital.app */ = {isa = PBXFileReference; explicitFileType = wrapper.application; includeInIndex = 0; path = "Relationship Capital.app"; sourceTree = BUILT_PRODUCTS_DIR; };
		9E2BB2C41815EB3300CA52E9 /* Foundation.framework */ = {isa = PBXFileReference; lastKnownFileType = wrapper.framework; name = Foundation.framework; path = System/Library/Frameworks/Foundation.framework; sourceTree = SDKROOT; };
		9E2BB2C61815EB3300CA52E9 /* CoreGraphics.framework */ = {isa = PBXFileReference; lastKnownFileType = wrapper.framework; name = CoreGraphics.framework; path = System/Library/Frameworks/CoreGraphics.framework; sourceTree = SDKROOT; };
		9E2BB2C81815EB3300CA52E9 /* UIKit.framework */ = {isa = PBXFileReference; lastKnownFileType = wrapper.framework; name = UIKit.framework; path = System/Library/Frameworks/UIKit.framework; sourceTree = SDKROOT; };
		9E2BB2CC1815EB3300CA52E9 /* Relationship Capital-Info.plist */ = {isa = PBXFileReference; lastKnownFileType = text.plist.xml; path = "Relationship Capital-Info.plist"; sourceTree = "<group>"; };
		9E2BB2CE1815EB3300CA52E9 /* en */ = {isa = PBXFileReference; lastKnownFileType = text.plist.strings; name = en; path = en.lproj/InfoPlist.strings; sourceTree = "<group>"; };
		9E2BB2D01815EB3300CA52E9 /* main.m */ = {isa = PBXFileReference; lastKnownFileType = sourcecode.c.objc; path = main.m; sourceTree = "<group>"; };
		9E2BB2D21815EB3300CA52E9 /* Relationship Capital-Prefix.pch */ = {isa = PBXFileReference; lastKnownFileType = sourcecode.c.h; path = "Relationship Capital-Prefix.pch"; sourceTree = "<group>"; };
		9E2BB2D31815EB3300CA52E9 /* AppDelegate.h */ = {isa = PBXFileReference; lastKnownFileType = sourcecode.c.h; path = AppDelegate.h; sourceTree = "<group>"; };
		9E2BB2D41815EB3300CA52E9 /* AppDelegate.m */ = {isa = PBXFileReference; lastKnownFileType = sourcecode.c.objc; path = AppDelegate.m; sourceTree = "<group>"; };
		9E2BB2D91815EB3300CA52E9 /* ProfileViewController.h */ = {isa = PBXFileReference; lastKnownFileType = sourcecode.c.h; path = ProfileViewController.h; sourceTree = "<group>"; };
		9E2BB2DA1815EB3300CA52E9 /* ProfileViewController.m */ = {isa = PBXFileReference; lastKnownFileType = sourcecode.c.objc; path = ProfileViewController.m; sourceTree = "<group>"; };
		9E2BB2DC1815EB3300CA52E9 /* Images.xcassets */ = {isa = PBXFileReference; lastKnownFileType = folder.assetcatalog; name = Images.xcassets; path = "Relationship Capital/Images.xcassets"; sourceTree = "<group>"; };
		9E2BB2E21815EB3400CA52E9 /* Relationship CapitalTests.xctest */ = {isa = PBXFileReference; explicitFileType = wrapper.cfbundle; includeInIndex = 0; path = "Relationship CapitalTests.xctest"; sourceTree = BUILT_PRODUCTS_DIR; };
		9E2BB2E31815EB3400CA52E9 /* XCTest.framework */ = {isa = PBXFileReference; lastKnownFileType = wrapper.framework; name = XCTest.framework; path = Library/Frameworks/XCTest.framework; sourceTree = DEVELOPER_DIR; };
		9E2BB2EB1815EB3400CA52E9 /* Relationship CapitalTests-Info.plist */ = {isa = PBXFileReference; lastKnownFileType = text.plist.xml; path = "Relationship CapitalTests-Info.plist"; sourceTree = "<group>"; };
		9E2BB2ED1815EB3400CA52E9 /* en */ = {isa = PBXFileReference; lastKnownFileType = text.plist.strings; name = en; path = en.lproj/InfoPlist.strings; sourceTree = "<group>"; };
		9E2BB2EF1815EB3400CA52E9 /* Relationship_CapitalTests.m */ = {isa = PBXFileReference; lastKnownFileType = sourcecode.c.objc; path = Relationship_CapitalTests.m; sourceTree = "<group>"; };
		9E2BB2F91815EB9E00CA52E9 /* ProfileViewController.xib */ = {isa = PBXFileReference; fileEncoding = 4; lastKnownFileType = file.xib; path = ProfileViewController.xib; sourceTree = "<group>"; };
		9E2BB2FB1815EC4700CA52E9 /* LoginViewController.h */ = {isa = PBXFileReference; fileEncoding = 4; lastKnownFileType = sourcecode.c.h; path = LoginViewController.h; sourceTree = "<group>"; };
		9E2BB2FC1815EC4700CA52E9 /* LoginViewController.m */ = {isa = PBXFileReference; fileEncoding = 4; lastKnownFileType = sourcecode.c.objc; path = LoginViewController.m; sourceTree = "<group>"; };
		9E2BB2FD1815EC4700CA52E9 /* LoginViewController.xib */ = {isa = PBXFileReference; fileEncoding = 4; lastKnownFileType = file.xib; path = LoginViewController.xib; sourceTree = "<group>"; };
		9E2BB3001815EEF200CA52E9 /* Facebook-Blank-Photo.jpg */ = {isa = PBXFileReference; lastKnownFileType = image.jpeg; path = "Facebook-Blank-Photo.jpg"; sourceTree = "<group>"; };
		9E2BB3021815EF7100CA52E9 /* CommitmentsViewController.h */ = {isa = PBXFileReference; fileEncoding = 4; lastKnownFileType = sourcecode.c.h; path = CommitmentsViewController.h; sourceTree = "<group>"; };
		9E2BB3031815EF7100CA52E9 /* CommitmentsViewController.m */ = {isa = PBXFileReference; fileEncoding = 4; lastKnownFileType = sourcecode.c.objc; path = CommitmentsViewController.m; sourceTree = "<group>"; };
		9E2BB3041815EF7100CA52E9 /* CommitmentsViewController.xib */ = {isa = PBXFileReference; fileEncoding = 4; lastKnownFileType = file.xib; path = CommitmentsViewController.xib; sourceTree = "<group>"; };
		9E447134183F0273000E1F8C /* plus.png */ = {isa = PBXFileReference; lastKnownFileType = image.png; path = plus.png; sourceTree = "<group>"; };
		9E447135183F0273000E1F8C /* plus@2x.png */ = {isa = PBXFileReference; lastKnownFileType = image.png; path = "plus@2x.png"; sourceTree = "<group>"; };
		9E447138183F09DA000E1F8C /* AddCommitmentViewController.h */ = {isa = PBXFileReference; fileEncoding = 4; lastKnownFileType = sourcecode.c.h; path = AddCommitmentViewController.h; sourceTree = "<group>"; };
		9E447139183F09DA000E1F8C /* AddCommitmentViewController.m */ = {isa = PBXFileReference; fileEncoding = 4; lastKnownFileType = sourcecode.c.objc; path = AddCommitmentViewController.m; sourceTree = "<group>"; };
		9E44713A183F09DA000E1F8C /* AddCommitmentViewController.xib */ = {isa = PBXFileReference; fileEncoding = 4; lastKnownFileType = file.xib; path = AddCommitmentViewController.xib; sourceTree = "<group>"; };
		9E44713F183F35C8000E1F8C /* Request.h */ = {isa = PBXFileReference; fileEncoding = 4; lastKnownFileType = sourcecode.c.h; path = Request.h; sourceTree = "<group>"; };
		9E447140183F35C8000E1F8C /* Request.m */ = {isa = PBXFileReference; fileEncoding = 4; lastKnownFileType = sourcecode.c.objc; path = Request.m; sourceTree = "<group>"; };
		9E447145184142D1000E1F8C /* UserPickerViewController.h */ = {isa = PBXFileReference; fileEncoding = 4; lastKnownFileType = sourcecode.c.h; path = UserPickerViewController.h; sourceTree = "<group>"; };
		9E447146184142D1000E1F8C /* UserPickerViewController.m */ = {isa = PBXFileReference; fileEncoding = 4; lastKnownFileType = sourcecode.c.objc; path = UserPickerViewController.m; sourceTree = "<group>"; };
		9E447147184142D1000E1F8C /* UserPickerViewController.xib */ = {isa = PBXFileReference; fileEncoding = 4; lastKnownFileType = file.xib; path = UserPickerViewController.xib; sourceTree = "<group>"; };
		9E44714A1841444B000E1F8C /* UserCell.h */ = {isa = PBXFileReference; fileEncoding = 4; lastKnownFileType = sourcecode.c.h; path = UserCell.h; sourceTree = "<group>"; };
		9E44714B1841444B000E1F8C /* UserCell.m */ = {isa = PBXFileReference; fileEncoding = 4; lastKnownFileType = sourcecode.c.objc; path = UserCell.m; sourceTree = "<group>"; };
		9E44714C1841444B000E1F8C /* UserCell.xib */ = {isa = PBXFileReference; fileEncoding = 4; lastKnownFileType = file.xib; path = UserCell.xib; sourceTree = "<group>"; };
		9E4471501841628E000E1F8C /* STTimeSlider.h */ = {isa = PBXFileReference; fileEncoding = 4; lastKnownFileType = sourcecode.c.h; path = STTimeSlider.h; sourceTree = "<group>"; };
		9E4471511841628E000E1F8C /* STTimeSlider.m */ = {isa = PBXFileReference; fileEncoding = 4; lastKnownFileType = sourcecode.c.objc; path = STTimeSlider.m; sourceTree = "<group>"; };
		9E4471521841628E000E1F8C /* STTimeSliderMoveView.h */ = {isa = PBXFileReference; fileEncoding = 4; lastKnownFileType = sourcecode.c.h; path = STTimeSliderMoveView.h; sourceTree = "<group>"; };
		9E4471531841628E000E1F8C /* STTimeSliderMoveView.m */ = {isa = PBXFileReference; fileEncoding = 4; lastKnownFileType = sourcecode.c.objc; path = STTimeSliderMoveView.m; sourceTree = "<group>"; };
		9E44715618419BDD000E1F8C /* CommitmentCell.h */ = {isa = PBXFileReference; fileEncoding = 4; lastKnownFileType = sourcecode.c.h; path = CommitmentCell.h; sourceTree = "<group>"; };
		9E44715718419BDD000E1F8C /* CommitmentCell.m */ = {isa = PBXFileReference; fileEncoding = 4; lastKnownFileType = sourcecode.c.objc; path = CommitmentCell.m; sourceTree = "<group>"; };
		9E44715918419BEB000E1F8C /* CommitmentCell.xib */ = {isa = PBXFileReference; fileEncoding = 4; lastKnownFileType = file.xib; path = CommitmentCell.xib; sourceTree = "<group>"; };
		9E44715B1841C4AB000E1F8C /* Comment.h */ = {isa = PBXFileReference; fileEncoding = 4; lastKnownFileType = sourcecode.c.h; path = Comment.h; sourceTree = "<group>"; };
		9E44715C1841C4AB000E1F8C /* Comment.m */ = {isa = PBXFileReference; fileEncoding = 4; lastKnownFileType = sourcecode.c.objc; path = Comment.m; sourceTree = "<group>"; };
		9E4471611841ECE5000E1F8C /* SVOrientationNavController.h */ = {isa = PBXFileReference; fileEncoding = 4; lastKnownFileType = sourcecode.c.h; path = SVOrientationNavController.h; sourceTree = "<group>"; };
		9E4471621841ECE5000E1F8C /* SVOrientationNavController.m */ = {isa = PBXFileReference; fileEncoding = 4; lastKnownFileType = sourcecode.c.objc; path = SVOrientationNavController.m; sourceTree = "<group>"; };
		9EE6F4CD183ECFB00096D249 /* NSString+Extensions.h */ = {isa = PBXFileReference; fileEncoding = 4; lastKnownFileType = sourcecode.c.h; path = "NSString+Extensions.h"; sourceTree = "<group>"; };
		9EE6F4CE183ECFB00096D249 /* NSString+Extensions.m */ = {isa = PBXFileReference; fileEncoding = 4; lastKnownFileType = sourcecode.c.objc; path = "NSString+Extensions.m"; sourceTree = "<group>"; };
		9EE6F4D0183ED2360096D249 /* Friend.h */ = {isa = PBXFileReference; fileEncoding = 4; lastKnownFileType = sourcecode.c.h; path = Friend.h; sourceTree = "<group>"; };
		9EE6F4D1183ED2360096D249 /* Friend.m */ = {isa = PBXFileReference; fileEncoding = 4; lastKnownFileType = sourcecode.c.objc; path = Friend.m; sourceTree = "<group>"; };
		9EE6F4D3183EDAE40096D249 /* FriendsTableViewCell.h */ = {isa = PBXFileReference; fileEncoding = 4; lastKnownFileType = sourcecode.c.h; path = FriendsTableViewCell.h; sourceTree = "<group>"; };
		9EE6F4D4183EDAE40096D249 /* FriendsTableViewCell.m */ = {isa = PBXFileReference; fileEncoding = 4; lastKnownFileType = sourcecode.c.objc; path = FriendsTableViewCell.m; sourceTree = "<group>"; };
		9EE6F4D6183EDB080096D249 /* FriendsTableViewCell.xib */ = {isa = PBXFileReference; fileEncoding = 4; lastKnownFileType = file.xib; path = FriendsTableViewCell.xib; sourceTree = "<group>"; };
		9EE6F4D8183EE88D0096D249 /* Commitment.h */ = {isa = PBXFileReference; fileEncoding = 4; lastKnownFileType = sourcecode.c.h; path = Commitment.h; sourceTree = "<group>"; };
		9EE6F4D9183EE88D0096D249 /* Commitment.m */ = {isa = PBXFileReference; fileEncoding = 4; lastKnownFileType = sourcecode.c.objc; path = Commitment.m; sourceTree = "<group>"; };
		9EEE6FB91827549900065E6A /* CapitalEngine.h */ = {isa = PBXFileReference; fileEncoding = 4; lastKnownFileType = sourcecode.c.h; path = CapitalEngine.h; sourceTree = "<group>"; };
		9EEE6FBA1827549900065E6A /* CapitalEngine.m */ = {isa = PBXFileReference; fileEncoding = 4; lastKnownFileType = sourcecode.c.objc; path = CapitalEngine.m; sourceTree = "<group>"; };
		9EEE6FBD18275BD300065E6A /* User.h */ = {isa = PBXFileReference; fileEncoding = 4; lastKnownFileType = sourcecode.c.h; path = User.h; sourceTree = "<group>"; };
		9EEE6FBE18275BD300065E6A /* User.m */ = {isa = PBXFileReference; fileEncoding = 4; lastKnownFileType = sourcecode.c.objc; path = User.m; sourceTree = "<group>"; };
		9EEE6FC0182766F800065E6A /* AvatarView.h */ = {isa = PBXFileReference; fileEncoding = 4; lastKnownFileType = sourcecode.c.h; path = AvatarView.h; sourceTree = "<group>"; };
		9EEE6FC1182766F800065E6A /* AvatarView.m */ = {isa = PBXFileReference; fileEncoding = 4; lastKnownFileType = sourcecode.c.objc; path = AvatarView.m; sourceTree = "<group>"; };
		9EEE6FC51827671700065E6A /* UIButton+AFNetworking.h */ = {isa = PBXFileReference; fileEncoding = 4; lastKnownFileType = sourcecode.c.h; path = "UIButton+AFNetworking.h"; sourceTree = "<group>"; };
		9EEE6FC61827671700065E6A /* UIButton+AFNetworking.m */ = {isa = PBXFileReference; fileEncoding = 4; lastKnownFileType = sourcecode.c.objc; path = "UIButton+AFNetworking.m"; sourceTree = "<group>"; };
		9EEE6FC81827672600065E6A /* UIImage+Extensions.h */ = {isa = PBXFileReference; fileEncoding = 4; lastKnownFileType = sourcecode.c.h; path = "UIImage+Extensions.h"; sourceTree = "<group>"; };
		9EEE6FC91827672600065E6A /* UIImage+Extensions.m */ = {isa = PBXFileReference; fileEncoding = 4; lastKnownFileType = sourcecode.c.objc; path = "UIImage+Extensions.m"; sourceTree = "<group>"; };
		9EEE6FCC182831C400065E6A /* SignupViewController.h */ = {isa = PBXFileReference; fileEncoding = 4; lastKnownFileType = sourcecode.c.h; path = SignupViewController.h; sourceTree = "<group>"; };
		9EEE6FCD182831C400065E6A /* SignupViewController.m */ = {isa = PBXFileReference; fileEncoding = 4; lastKnownFileType = sourcecode.c.objc; path = SignupViewController.m; sourceTree = "<group>"; };
		9EEE6FCE182831C400065E6A /* SignupViewController.xib */ = {isa = PBXFileReference; fileEncoding = 4; lastKnownFileType = file.xib; path = SignupViewController.xib; sourceTree = "<group>"; };
		9EEE6FD2182847A500065E6A /* CommitmentDetailViewController.h */ = {isa = PBXFileReference; fileEncoding = 4; lastKnownFileType = sourcecode.c.h; path = CommitmentDetailViewController.h; sourceTree = "<group>"; };
		9EEE6FD3182847A500065E6A /* CommitmentDetailViewController.m */ = {isa = PBXFileReference; fileEncoding = 4; lastKnownFileType = sourcecode.c.objc; path = CommitmentDetailViewController.m; sourceTree = "<group>"; };
		9EEE6FD4182847A500065E6A /* CommitmentDetailViewController.xib */ = {isa = PBXFileReference; fileEncoding = 4; lastKnownFileType = file.xib; path = CommitmentDetailViewController.xib; sourceTree = "<group>"; };
		9EEE6FD718284C3B00065E6A /* fb.jpg */ = {isa = PBXFileReference; lastKnownFileType = image.jpeg; path = fb.jpg; sourceTree = "<group>"; };
		9EEE6FD918284E0100065E6A /* user.png */ = {isa = PBXFileReference; lastKnownFileType = image.png; path = user.png; sourceTree = "<group>"; };
		9EEE6FDA18284E0100065E6A /* user@2x.png */ = {isa = PBXFileReference; lastKnownFileType = image.png; path = "user@2x.png"; sourceTree = "<group>"; };
		9EEE6FDD18284E3700065E6A /* doc.png */ = {isa = PBXFileReference; lastKnownFileType = image.png; path = doc.png; sourceTree = "<group>"; };
		9EEE6FDE18284E3700065E6A /* doc@2x.png */ = {isa = PBXFileReference; lastKnownFileType = image.png; path = "doc@2x.png"; sourceTree = "<group>"; };
/* End PBXFileReference section */

/* Begin PBXFrameworksBuildPhase section */
		9E2BB2BE1815EB3300CA52E9 /* Frameworks */ = {
			isa = PBXFrameworksBuildPhase;
			buildActionMask = 2147483647;
			files = (
				9E2BB2C71815EB3300CA52E9 /* CoreGraphics.framework in Frameworks */,
				9E2BB2C91815EB3300CA52E9 /* UIKit.framework in Frameworks */,
				9E2BB2C51815EB3300CA52E9 /* Foundation.framework in Frameworks */,
				C663AD152A054D3A93B1D365 /* libPods.a in Frameworks */,
			);
			runOnlyForDeploymentPostprocessing = 0;
		};
		9E2BB2DF1815EB3400CA52E9 /* Frameworks */ = {
			isa = PBXFrameworksBuildPhase;
			buildActionMask = 2147483647;
			files = (
				9E2BB2E41815EB3400CA52E9 /* XCTest.framework in Frameworks */,
				9E2BB2E61815EB3400CA52E9 /* UIKit.framework in Frameworks */,
				9E2BB2E51815EB3400CA52E9 /* Foundation.framework in Frameworks */,
			);
			runOnlyForDeploymentPostprocessing = 0;
		};
/* End PBXFrameworksBuildPhase section */

/* Begin PBXGroup section */
		9E2BB2B81815EB3300CA52E9 = {
			isa = PBXGroup;
			children = (
				9E2BB2CA1815EB3300CA52E9 /* Relationship Capital */,
				9E2BB2DC1815EB3300CA52E9 /* Images.xcassets */,
				9E2BB2CB1815EB3300CA52E9 /* Supporting Files */,
				9E2BB2E91815EB3400CA52E9 /* Relationship CapitalTests */,
				9E2BB2C31815EB3300CA52E9 /* Frameworks */,
				9E2BB2C21815EB3300CA52E9 /* Products */,
				7735E7F035EB44E39A1EDC8B /* Pods.xcconfig */,
			);
			sourceTree = "<group>";
		};
		9E2BB2C21815EB3300CA52E9 /* Products */ = {
			isa = PBXGroup;
			children = (
				9E2BB2C11815EB3300CA52E9 /* Relationship Capital.app */,
				9E2BB2E21815EB3400CA52E9 /* Relationship CapitalTests.xctest */,
			);
			name = Products;
			sourceTree = "<group>";
		};
		9E2BB2C31815EB3300CA52E9 /* Frameworks */ = {
			isa = PBXGroup;
			children = (
				9E2BB2C41815EB3300CA52E9 /* Foundation.framework */,
				9E2BB2C61815EB3300CA52E9 /* CoreGraphics.framework */,
				9E2BB2C81815EB3300CA52E9 /* UIKit.framework */,
				9E2BB2E31815EB3400CA52E9 /* XCTest.framework */,
				979A02E34BFB4D4F8796CDCA /* libPods.a */,
			);
			name = Frameworks;
			sourceTree = "<group>";
		};
		9E2BB2CA1815EB3300CA52E9 /* Relationship Capital */ = {
			isa = PBXGroup;
			children = (
				9E2BB2D31815EB3300CA52E9 /* AppDelegate.h */,
				9E2BB2D41815EB3300CA52E9 /* AppDelegate.m */,
				9E2BB2D91815EB3300CA52E9 /* ProfileViewController.h */,
				9E2BB2DA1815EB3300CA52E9 /* ProfileViewController.m */,
				9E2BB2F91815EB9E00CA52E9 /* ProfileViewController.xib */,
				9EEE6FCB182831B100065E6A /* Login/Signup */,
				9EEE6FD11828478B00065E6A /* Commitments */,
				9E447144184142AB000E1F8C /* User */,
				9EEE6FB91827549900065E6A /* CapitalEngine.h */,
				9EEE6FBA1827549900065E6A /* CapitalEngine.m */,
				9EEE6FC41827670B00065E6A /* Categories */,
				9EEE6FC3182766FC00065E6A /* Subclasses */,
				9EEE6FBC18275BCA00065E6A /* Models */,
			);
			path = "Relationship Capital";
			sourceTree = "<group>";
		};
		9E2BB2CB1815EB3300CA52E9 /* Supporting Files */ = {
			isa = PBXGroup;
			children = (
				9E44714F1841628E000E1F8C /* STTimeSlider */,
				9E447134183F0273000E1F8C /* plus.png */,
				9E447135183F0273000E1F8C /* plus@2x.png */,
				9EEE6FD918284E0100065E6A /* user.png */,
				9EEE6FDA18284E0100065E6A /* user@2x.png */,
				9EEE6FDD18284E3700065E6A /* doc.png */,
				9EEE6FDE18284E3700065E6A /* doc@2x.png */,
				9EEE6FD718284C3B00065E6A /* fb.jpg */,
				9E2BB3001815EEF200CA52E9 /* Facebook-Blank-Photo.jpg */,
				9E2BB2CC1815EB3300CA52E9 /* Relationship Capital-Info.plist */,
				9E2BB2CD1815EB3300CA52E9 /* InfoPlist.strings */,
				9E2BB2D01815EB3300CA52E9 /* main.m */,
				9E2BB2D21815EB3300CA52E9 /* Relationship Capital-Prefix.pch */,
			);
			name = "Supporting Files";
			path = "Relationship Capital";
			sourceTree = "<group>";
		};
		9E2BB2E91815EB3400CA52E9 /* Relationship CapitalTests */ = {
			isa = PBXGroup;
			children = (
				9E2BB2EF1815EB3400CA52E9 /* Relationship_CapitalTests.m */,
				9E2BB2EA1815EB3400CA52E9 /* Supporting Files */,
			);
			path = "Relationship CapitalTests";
			sourceTree = "<group>";
		};
		9E2BB2EA1815EB3400CA52E9 /* Supporting Files */ = {
			isa = PBXGroup;
			children = (
				9E2BB2EB1815EB3400CA52E9 /* Relationship CapitalTests-Info.plist */,
				9E2BB2EC1815EB3400CA52E9 /* InfoPlist.strings */,
			);
			name = "Supporting Files";
			sourceTree = "<group>";
		};
		9E447144184142AB000E1F8C /* User */ = {
			isa = PBXGroup;
			children = (
				9E44714A1841444B000E1F8C /* UserCell.h */,
				9E44714B1841444B000E1F8C /* UserCell.m */,
				9E44714C1841444B000E1F8C /* UserCell.xib */,
				9E447145184142D1000E1F8C /* UserPickerViewController.h */,
				9E447146184142D1000E1F8C /* UserPickerViewController.m */,
				9E447147184142D1000E1F8C /* UserPickerViewController.xib */,
			);
			name = User;
			sourceTree = "<group>";
		};
		9E44714F1841628E000E1F8C /* STTimeSlider */ = {
			isa = PBXGroup;
			children = (
				9E4471501841628E000E1F8C /* STTimeSlider.h */,
				9E4471511841628E000E1F8C /* STTimeSlider.m */,
				9E4471521841628E000E1F8C /* STTimeSliderMoveView.h */,
				9E4471531841628E000E1F8C /* STTimeSliderMoveView.m */,
			);
			path = STTimeSlider;
			sourceTree = "<group>";
		};
		9EEE6FBC18275BCA00065E6A /* Models */ = {
			isa = PBXGroup;
			children = (
				9EEE6FBD18275BD300065E6A /* User.h */,
				9EEE6FBE18275BD300065E6A /* User.m */,
				9EE6F4D0183ED2360096D249 /* Friend.h */,
				9EE6F4D1183ED2360096D249 /* Friend.m */,
				9EE6F4D8183EE88D0096D249 /* Commitment.h */,
				9EE6F4D9183EE88D0096D249 /* Commitment.m */,
				9E44713F183F35C8000E1F8C /* Request.h */,
				9E447140183F35C8000E1F8C /* Request.m */,
				9E44715B1841C4AB000E1F8C /* Comment.h */,
				9E44715C1841C4AB000E1F8C /* Comment.m */,
			);
			name = Models;
			sourceTree = "<group>";
		};
		9EEE6FC3182766FC00065E6A /* Subclasses */ = {
			isa = PBXGroup;
			children = (
				9EEE6FC0182766F800065E6A /* AvatarView.h */,
				9EEE6FC1182766F800065E6A /* AvatarView.m */,
				9EE6F4D3183EDAE40096D249 /* FriendsTableViewCell.h */,
				9EE6F4D4183EDAE40096D249 /* FriendsTableViewCell.m */,
				9EE6F4D6183EDB080096D249 /* FriendsTableViewCell.xib */,
				9E44715618419BDD000E1F8C /* CommitmentCell.h */,
				9E44715718419BDD000E1F8C /* CommitmentCell.m */,
				9E44715918419BEB000E1F8C /* CommitmentCell.xib */,
				9E4471611841ECE5000E1F8C /* SVOrientationNavController.h */,
				9E4471621841ECE5000E1F8C /* SVOrientationNavController.m */,
			);
			name = Subclasses;
			sourceTree = "<group>";
		};
		9EEE6FC41827670B00065E6A /* Categories */ = {
			isa = PBXGroup;
			children = (
				9EEE6FC81827672600065E6A /* UIImage+Extensions.h */,
				9EEE6FC91827672600065E6A /* UIImage+Extensions.m */,
				9EEE6FC51827671700065E6A /* UIButton+AFNetworking.h */,
				9EEE6FC61827671700065E6A /* UIButton+AFNetworking.m */,
				9EE6F4CD183ECFB00096D249 /* NSString+Extensions.h */,
				9EE6F4CE183ECFB00096D249 /* NSString+Extensions.m */,
			);
			name = Categories;
			sourceTree = "<group>";
		};
		9EEE6FCB182831B100065E6A /* Login/Signup */ = {
			isa = PBXGroup;
			children = (
				9E2BB2FB1815EC4700CA52E9 /* LoginViewController.h */,
				9E2BB2FC1815EC4700CA52E9 /* LoginViewController.m */,
				9E2BB2FD1815EC4700CA52E9 /* LoginViewController.xib */,
				9EEE6FCC182831C400065E6A /* SignupViewController.h */,
				9EEE6FCD182831C400065E6A /* SignupViewController.m */,
				9EEE6FCE182831C400065E6A /* SignupViewController.xib */,
			);
			name = Login/Signup;
			sourceTree = "<group>";
		};
		9EEE6FD11828478B00065E6A /* Commitments */ = {
			isa = PBXGroup;
			children = (
				9E2BB3021815EF7100CA52E9 /* CommitmentsViewController.h */,
				9E2BB3031815EF7100CA52E9 /* CommitmentsViewController.m */,
				9E2BB3041815EF7100CA52E9 /* CommitmentsViewController.xib */,
				9EEE6FD2182847A500065E6A /* CommitmentDetailViewController.h */,
				9EEE6FD3182847A500065E6A /* CommitmentDetailViewController.m */,
				9EEE6FD4182847A500065E6A /* CommitmentDetailViewController.xib */,
				9E447138183F09DA000E1F8C /* AddCommitmentViewController.h */,
				9E447139183F09DA000E1F8C /* AddCommitmentViewController.m */,
				9E44713A183F09DA000E1F8C /* AddCommitmentViewController.xib */,
			);
			name = Commitments;
			sourceTree = "<group>";
		};
/* End PBXGroup section */

/* Begin PBXNativeTarget section */
		9E2BB2C01815EB3300CA52E9 /* Relationship Capital */ = {
			isa = PBXNativeTarget;
			buildConfigurationList = 9E2BB2F31815EB3400CA52E9 /* Build configuration list for PBXNativeTarget "Relationship Capital" */;
			buildPhases = (
				9E2BB2BD1815EB3300CA52E9 /* Sources */,
				9E2BB2BE1815EB3300CA52E9 /* Frameworks */,
				9E2BB2BF1815EB3300CA52E9 /* Resources */,
			);
			buildRules = (
			);
			dependencies = (
			);
			name = "Relationship Capital";
			productName = "Relationship Capital";
			productReference = 9E2BB2C11815EB3300CA52E9 /* Relationship Capital.app */;
			productType = "com.apple.product-type.application";
		};
		9E2BB2E11815EB3400CA52E9 /* Relationship CapitalTests */ = {
			isa = PBXNativeTarget;
			buildConfigurationList = 9E2BB2F61815EB3400CA52E9 /* Build configuration list for PBXNativeTarget "Relationship CapitalTests" */;
			buildPhases = (
				9E2BB2DE1815EB3400CA52E9 /* Sources */,
				9E2BB2DF1815EB3400CA52E9 /* Frameworks */,
				9E2BB2E01815EB3400CA52E9 /* Resources */,
			);
			buildRules = (
			);
			dependencies = (
				9E2BB2E81815EB3400CA52E9 /* PBXTargetDependency */,
			);
			name = "Relationship CapitalTests";
			productName = "Relationship CapitalTests";
			productReference = 9E2BB2E21815EB3400CA52E9 /* Relationship CapitalTests.xctest */;
			productType = "com.apple.product-type.bundle.unit-test";
		};
/* End PBXNativeTarget section */

/* Begin PBXProject section */
		9E2BB2B91815EB3300CA52E9 /* Project object */ = {
			isa = PBXProject;
			attributes = {
				LastUpgradeCheck = 0500;
				ORGANIZATIONNAME = "Shabbir Vijapura";
				TargetAttributes = {
					9E2BB2E11815EB3400CA52E9 = {
						TestTargetID = 9E2BB2C01815EB3300CA52E9;
					};
				};
			};
			buildConfigurationList = 9E2BB2BC1815EB3300CA52E9 /* Build configuration list for PBXProject "Relationship Capital" */;
			compatibilityVersion = "Xcode 3.2";
			developmentRegion = English;
			hasScannedForEncodings = 0;
			knownRegions = (
				en,
				Base,
			);
			mainGroup = 9E2BB2B81815EB3300CA52E9;
			productRefGroup = 9E2BB2C21815EB3300CA52E9 /* Products */;
			projectDirPath = "";
			projectRoot = "";
			targets = (
				9E2BB2C01815EB3300CA52E9 /* Relationship Capital */,
				9E2BB2E11815EB3400CA52E9 /* Relationship CapitalTests */,
			);
		};
/* End PBXProject section */

/* Begin PBXResourcesBuildPhase section */
		9E2BB2BF1815EB3300CA52E9 /* Resources */ = {
			isa = PBXResourcesBuildPhase;
			buildActionMask = 2147483647;
			files = (
				9E2BB2FF1815EC4700CA52E9 /* LoginViewController.xib in Resources */,
				9EEE6FDF18284E3700065E6A /* doc.png in Resources */,
				9E2BB2DD1815EB3300CA52E9 /* Images.xcassets in Resources */,
				9E447149184142D1000E1F8C /* UserPickerViewController.xib in Resources */,
				9EEE6FD6182847A500065E6A /* CommitmentDetailViewController.xib in Resources */,
				9EEE6FD818284C3B00065E6A /* fb.jpg in Resources */,
				9E2BB2FA1815EB9E00CA52E9 /* ProfileViewController.xib in Resources */,
				9E2BB3061815EF7100CA52E9 /* CommitmentsViewController.xib in Resources */,
				9EEE6FDB18284E0100065E6A /* user.png in Resources */,
				9E2BB3011815EEF200CA52E9 /* Facebook-Blank-Photo.jpg in Resources */,
				9EEE6FDC18284E0100065E6A /* user@2x.png in Resources */,
				9EEE6FE018284E3700065E6A /* doc@2x.png in Resources */,
				9E447136183F0273000E1F8C /* plus.png in Resources */,
				9E447137183F0273000E1F8C /* plus@2x.png in Resources */,
				9E44714E1841444B000E1F8C /* UserCell.xib in Resources */,
				9EEE6FD0182831C400065E6A /* SignupViewController.xib in Resources */,
				9E44715A18419BEB000E1F8C /* CommitmentCell.xib in Resources */,
				9E44713C183F09DA000E1F8C /* AddCommitmentViewController.xib in Resources */,
				9E2BB2CF1815EB3300CA52E9 /* InfoPlist.strings in Resources */,
				9EE6F4D7183EDB080096D249 /* FriendsTableViewCell.xib in Resources */,
			);
			runOnlyForDeploymentPostprocessing = 0;
		};
		9E2BB2E01815EB3400CA52E9 /* Resources */ = {
			isa = PBXResourcesBuildPhase;
			buildActionMask = 2147483647;
			files = (
				9E2BB2EE1815EB3400CA52E9 /* InfoPlist.strings in Resources */,
			);
			runOnlyForDeploymentPostprocessing = 0;
		};
/* End PBXResourcesBuildPhase section */

/* Begin PBXSourcesBuildPhase section */
		9E2BB2BD1815EB3300CA52E9 /* Sources */ = {
			isa = PBXSourcesBuildPhase;
			buildActionMask = 2147483647;
			files = (
				9EEE6FBB1827549900065E6A /* CapitalEngine.m in Sources */,
				9EE6F4D2183ED2360096D249 /* Friend.m in Sources */,
				9E44714D1841444B000E1F8C /* UserCell.m in Sources */,
				9EEE6FC2182766F800065E6A /* AvatarView.m in Sources */,
				9EE6F4CF183ECFB00096D249 /* NSString+Extensions.m in Sources */,
				9EE6F4DA183EE88D0096D249 /* Commitment.m in Sources */,
				9EEE6FC71827671700065E6A /* UIButton+AFNetworking.m in Sources */,
				9E44715D1841C4AB000E1F8C /* Comment.m in Sources */,
				9EEE6FCA1827672600065E6A /* UIImage+Extensions.m in Sources */,
				9E4471551841628E000E1F8C /* STTimeSliderMoveView.m in Sources */,
				9EE6F4D5183EDAE40096D249 /* FriendsTableViewCell.m in Sources */,
				9EEE6FD5182847A500065E6A /* CommitmentDetailViewController.m in Sources */,
				9EEE6FCF182831C400065E6A /* SignupViewController.m in Sources */,
				9E44715818419BDD000E1F8C /* CommitmentCell.m in Sources */,
				9EEE6FBF18275BD300065E6A /* User.m in Sources */,
				9E2BB2FE1815EC4700CA52E9 /* LoginViewController.m in Sources */,
				9E447148184142D1000E1F8C /* UserPickerViewController.m in Sources */,
				9E44713B183F09DA000E1F8C /* AddCommitmentViewController.m in Sources */,
				9E4471541841628E000E1F8C /* STTimeSlider.m in Sources */,
				9E2BB2DB1815EB3300CA52E9 /* ProfileViewController.m in Sources */,
				9E4471631841ECE5000E1F8C /* SVOrientationNavController.m in Sources */,
				9E2BB2D51815EB3300CA52E9 /* AppDelegate.m in Sources */,
				9E2BB2D11815EB3300CA52E9 /* main.m in Sources */,
				9E2BB3051815EF7100CA52E9 /* CommitmentsViewController.m in Sources */,
				9E447141183F35C8000E1F8C /* Request.m in Sources */,
			);
			runOnlyForDeploymentPostprocessing = 0;
		};
		9E2BB2DE1815EB3400CA52E9 /* Sources */ = {
			isa = PBXSourcesBuildPhase;
			buildActionMask = 2147483647;
			files = (
				9E2BB2F01815EB3400CA52E9 /* Relationship_CapitalTests.m in Sources */,
			);
			runOnlyForDeploymentPostprocessing = 0;
		};
/* End PBXSourcesBuildPhase section */

/* Begin PBXTargetDependency section */
		9E2BB2E81815EB3400CA52E9 /* PBXTargetDependency */ = {
			isa = PBXTargetDependency;
			target = 9E2BB2C01815EB3300CA52E9 /* Relationship Capital */;
			targetProxy = 9E2BB2E71815EB3400CA52E9 /* PBXContainerItemProxy */;
		};
/* End PBXTargetDependency section */

/* Begin PBXVariantGroup section */
		9E2BB2CD1815EB3300CA52E9 /* InfoPlist.strings */ = {
			isa = PBXVariantGroup;
			children = (
				9E2BB2CE1815EB3300CA52E9 /* en */,
			);
			name = InfoPlist.strings;
			sourceTree = "<group>";
		};
		9E2BB2EC1815EB3400CA52E9 /* InfoPlist.strings */ = {
			isa = PBXVariantGroup;
			children = (
				9E2BB2ED1815EB3400CA52E9 /* en */,
			);
			name = InfoPlist.strings;
			sourceTree = "<group>";
		};
/* End PBXVariantGroup section */

/* Begin XCBuildConfiguration section */
		9E2BB2F11815EB3400CA52E9 /* Debug */ = {
			isa = XCBuildConfiguration;
			buildSettings = {
				ALWAYS_SEARCH_USER_PATHS = NO;
				ARCHS = "$(ARCHS_STANDARD_INCLUDING_64_BIT)";
				CLANG_CXX_LANGUAGE_STANDARD = "gnu++0x";
				CLANG_CXX_LIBRARY = "libc++";
				CLANG_ENABLE_MODULES = YES;
				CLANG_ENABLE_OBJC_ARC = YES;
				CLANG_WARN_BOOL_CONVERSION = YES;
				CLANG_WARN_CONSTANT_CONVERSION = YES;
				CLANG_WARN_DIRECT_OBJC_ISA_USAGE = YES_ERROR;
				CLANG_WARN_EMPTY_BODY = YES;
				CLANG_WARN_ENUM_CONVERSION = YES;
				CLANG_WARN_INT_CONVERSION = YES;
				CLANG_WARN_OBJC_ROOT_CLASS = YES_ERROR;
				CLANG_WARN__DUPLICATE_METHOD_MATCH = YES;
				"CODE_SIGN_IDENTITY[sdk=iphoneos*]" = "iPhone Developer";
				COPY_PHASE_STRIP = NO;
				GCC_C_LANGUAGE_STANDARD = gnu99;
				GCC_DYNAMIC_NO_PIC = NO;
				GCC_OPTIMIZATION_LEVEL = 0;
				GCC_PREPROCESSOR_DEFINITIONS = (
					"DEBUG=1",
					"$(inherited)",
				);
				GCC_SYMBOLS_PRIVATE_EXTERN = NO;
				GCC_WARN_64_TO_32_BIT_CONVERSION = YES;
				GCC_WARN_ABOUT_RETURN_TYPE = YES_ERROR;
				GCC_WARN_UNDECLARED_SELECTOR = YES;
				GCC_WARN_UNINITIALIZED_AUTOS = YES;
				GCC_WARN_UNUSED_FUNCTION = YES;
				GCC_WARN_UNUSED_VARIABLE = YES;
				IPHONEOS_DEPLOYMENT_TARGET = 7.0;
				ONLY_ACTIVE_ARCH = YES;
				SDKROOT = iphoneos;
			};
			name = Debug;
		};
		9E2BB2F21815EB3400CA52E9 /* Release */ = {
			isa = XCBuildConfiguration;
			buildSettings = {
				ALWAYS_SEARCH_USER_PATHS = NO;
				ARCHS = "$(ARCHS_STANDARD_INCLUDING_64_BIT)";
				CLANG_CXX_LANGUAGE_STANDARD = "gnu++0x";
				CLANG_CXX_LIBRARY = "libc++";
				CLANG_ENABLE_MODULES = YES;
				CLANG_ENABLE_OBJC_ARC = YES;
				CLANG_WARN_BOOL_CONVERSION = YES;
				CLANG_WARN_CONSTANT_CONVERSION = YES;
				CLANG_WARN_DIRECT_OBJC_ISA_USAGE = YES_ERROR;
				CLANG_WARN_EMPTY_BODY = YES;
				CLANG_WARN_ENUM_CONVERSION = YES;
				CLANG_WARN_INT_CONVERSION = YES;
				CLANG_WARN_OBJC_ROOT_CLASS = YES_ERROR;
				CLANG_WARN__DUPLICATE_METHOD_MATCH = YES;
				"CODE_SIGN_IDENTITY[sdk=iphoneos*]" = "iPhone Developer";
				COPY_PHASE_STRIP = YES;
				ENABLE_NS_ASSERTIONS = NO;
				GCC_C_LANGUAGE_STANDARD = gnu99;
				GCC_WARN_64_TO_32_BIT_CONVERSION = YES;
				GCC_WARN_ABOUT_RETURN_TYPE = YES_ERROR;
				GCC_WARN_UNDECLARED_SELECTOR = YES;
				GCC_WARN_UNINITIALIZED_AUTOS = YES;
				GCC_WARN_UNUSED_FUNCTION = YES;
				GCC_WARN_UNUSED_VARIABLE = YES;
				IPHONEOS_DEPLOYMENT_TARGET = 7.0;
				SDKROOT = iphoneos;
				VALIDATE_PRODUCT = YES;
			};
			name = Release;
		};
		9E2BB2F41815EB3400CA52E9 /* Debug */ = {
			isa = XCBuildConfiguration;
			baseConfigurationReference = 7735E7F035EB44E39A1EDC8B /* Pods.xcconfig */;
			buildSettings = {
				ASSETCATALOG_COMPILER_APPICON_NAME = AppIcon;
				ASSETCATALOG_COMPILER_LAUNCHIMAGE_NAME = LaunchImage;
				GCC_PRECOMPILE_PREFIX_HEADER = YES;
				GCC_PREFIX_HEADER = "Relationship Capital/Relationship Capital-Prefix.pch";
				INFOPLIST_FILE = "Relationship Capital/Relationship Capital-Info.plist";
				IPHONEOS_DEPLOYMENT_TARGET = 7.0;
				PRODUCT_NAME = "$(TARGET_NAME)";
				TARGETED_DEVICE_FAMILY = 2;
				WRAPPER_EXTENSION = app;
			};
			name = Debug;
		};
		9E2BB2F51815EB3400CA52E9 /* Release */ = {
			isa = XCBuildConfiguration;
			baseConfigurationReference = 7735E7F035EB44E39A1EDC8B /* Pods.xcconfig */;
			buildSettings = {
				ASSETCATALOG_COMPILER_APPICON_NAME = AppIcon;
				ASSETCATALOG_COMPILER_LAUNCHIMAGE_NAME = LaunchImage;
				GCC_PRECOMPILE_PREFIX_HEADER = YES;
				GCC_PREFIX_HEADER = "Relationship Capital/Relationship Capital-Prefix.pch";
				INFOPLIST_FILE = "Relationship Capital/Relationship Capital-Info.plist";
				IPHONEOS_DEPLOYMENT_TARGET = 7.0;
				PRODUCT_NAME = "$(TARGET_NAME)";
				TARGETED_DEVICE_FAMILY = 2;
				WRAPPER_EXTENSION = app;
			};
			name = Release;
		};
		9E2BB2F71815EB3400CA52E9 /* Debug */ = {
			isa = XCBuildConfiguration;
			buildSettings = {
				ARCHS = "$(ARCHS_STANDARD_INCLUDING_64_BIT)";
				BUNDLE_LOADER = "$(BUILT_PRODUCTS_DIR)/Relationship Capital.app/Relationship Capital";
				FRAMEWORK_SEARCH_PATHS = (
					"$(SDKROOT)/Developer/Library/Frameworks",
					"$(inherited)",
					"$(DEVELOPER_FRAMEWORKS_DIR)",
				);
				GCC_PRECOMPILE_PREFIX_HEADER = YES;
				GCC_PREFIX_HEADER = "Relationship Capital/Relationship Capital-Prefix.pch";
				GCC_PREPROCESSOR_DEFINITIONS = (
					"DEBUG=1",
					"$(inherited)",
				);
				INFOPLIST_FILE = "Relationship CapitalTests/Relationship CapitalTests-Info.plist";
				PRODUCT_NAME = "$(TARGET_NAME)";
				TEST_HOST = "$(BUNDLE_LOADER)";
				WRAPPER_EXTENSION = xctest;
			};
			name = Debug;
		};
		9E2BB2F81815EB3400CA52E9 /* Release */ = {
			isa = XCBuildConfiguration;
			buildSettings = {
				ARCHS = "$(ARCHS_STANDARD_INCLUDING_64_BIT)";
				BUNDLE_LOADER = "$(BUILT_PRODUCTS_DIR)/Relationship Capital.app/Relationship Capital";
				FRAMEWORK_SEARCH_PATHS = (
					"$(SDKROOT)/Developer/Library/Frameworks",
					"$(inherited)",
					"$(DEVELOPER_FRAMEWORKS_DIR)",
				);
				GCC_PRECOMPILE_PREFIX_HEADER = YES;
				GCC_PREFIX_HEADER = "Relationship Capital/Relationship Capital-Prefix.pch";
				INFOPLIST_FILE = "Relationship CapitalTests/Relationship CapitalTests-Info.plist";
				PRODUCT_NAME = "$(TARGET_NAME)";
				TEST_HOST = "$(BUNDLE_LOADER)";
				WRAPPER_EXTENSION = xctest;
			};
			name = Release;
		};
/* End XCBuildConfiguration section */

/* Begin XCConfigurationList section */
		9E2BB2BC1815EB3300CA52E9 /* Build configuration list for PBXProject "Relationship Capital" */ = {
			isa = XCConfigurationList;
			buildConfigurations = (
				9E2BB2F11815EB3400CA52E9 /* Debug */,
				9E2BB2F21815EB3400CA52E9 /* Release */,
			);
			defaultConfigurationIsVisible = 0;
			defaultConfigurationName = Release;
		};
		9E2BB2F31815EB3400CA52E9 /* Build configuration list for PBXNativeTarget "Relationship Capital" */ = {
			isa = XCConfigurationList;
			buildConfigurations = (
				9E2BB2F41815EB3400CA52E9 /* Debug */,
				9E2BB2F51815EB3400CA52E9 /* Release */,
			);
			defaultConfigurationIsVisible = 0;
			defaultConfigurationName = Release;
		};
		9E2BB2F61815EB3400CA52E9 /* Build configuration list for PBXNativeTarget "Relationship CapitalTests" */ = {
			isa = XCConfigurationList;
			buildConfigurations = (
				9E2BB2F71815EB3400CA52E9 /* Debug */,
				9E2BB2F81815EB3400CA52E9 /* Release */,
			);
			defaultConfigurationIsVisible = 0;
			defaultConfigurationName = Release;
		};
/* End XCConfigurationList section */
	};
	rootObject = 9E2BB2B91815EB3300CA52E9 /* Project object */;
}
